
Microsoft Visual Studio Solution File, Format Version 12.00
# Visual Studio Version 16
VisualStudioVersion = 16.0.30114.105
MinimumVisualStudioVersion = 10.0.40219.1
Project("{FAE04EC0-301F-11D3-BF4B-00C04F79EFBC}") = "Patterns-Portfolio-Exercise-WithAccountImplementation.Logic", "Patterns-Portfolio-Exercise-WithAccountImplementation.Logic\Patterns-Portfolio-Exercise-WithAccountImplementation.Logic.csproj", "{F7190E41-C10D-4371-BBA9-01BA287D6A0A}"
EndProject
Project("{FAE04EC0-301F-11D3-BF4B-00C04F79EFBC}") = "Patterns-Portfolio-Exercise-WithAccountImplementation.UnitTests", "Patterns-Portfolio-Exercise-WithAccountImplementation.UnitTests\Patterns-Portfolio-Exercise-WithAccountImplementation.UnitTests.csproj", "{2B17699D-E91E-4597-9106-47AFDE49191B}"
EndProject
Global
	GlobalSection(SolutionConfigurationPlatforms) = preSolution
		Debug|Any CPU = Debug|Any CPU
		Debug|x64 = Debug|x64
		Debug|x86 = Debug|x86
		Release|Any CPU = Release|Any CPU
		Release|x64 = Release|x64
		Release|x86 = Release|x86
	EndGlobalSection
	GlobalSection(SolutionProperties) = preSolution
		HideSolutionNode = FALSE
	EndGlobalSection
	GlobalSection(ProjectConfigurationPlatforms) = postSolution
		{F7190E41-C10D-4371-BBA9-01BA287D6A0A}.Debug|Any CPU.ActiveCfg = Debug|Any CPU
		{F7190E41-C10D-4371-BBA9-01BA287D6A0A}.Debug|Any CPU.Build.0 = Debug|Any CPU
		{F7190E41-C10D-4371-BBA9-01BA287D6A0A}.Debug|x64.ActiveCfg = Debug|Any CPU
		{F7190E41-C10D-4371-BBA9-01BA287D6A0A}.Debug|x64.Build.0 = Debug|Any CPU
		{F7190E41-C10D-4371-BBA9-01BA287D6A0A}.Debug|x86.ActiveCfg = Debug|Any CPU
		{F7190E41-C10D-4371-BBA9-01BA287D6A0A}.Debug|x86.Build.0 = Debug|Any CPU
		{F7190E41-C10D-4371-BBA9-01BA287D6A0A}.Release|Any CPU.ActiveCfg = Release|Any CPU
		{F7190E41-C10D-4371-BBA9-01BA287D6A0A}.Release|Any CPU.Build.0 = Release|Any CPU
		{F7190E41-C10D-4371-BBA9-01BA287D6A0A}.Release|x64.ActiveCfg = Release|Any CPU
		{F7190E41-C10D-4371-BBA9-01BA287D6A0A}.Release|x64.Build.0 = Release|Any CPU
		{F7190E41-C10D-4371-BBA9-01BA287D6A0A}.Release|x86.ActiveCfg = Release|Any CPU
		{F7190E41-C10D-4371-BBA9-01BA287D6A0A}.Release|x86.Build.0 = Release|Any CPU
		{2B17699D-E91E-4597-9106-47AFDE49191B}.Debug|Any CPU.ActiveCfg = Debug|Any CPU
		{2B17699D-E91E-4597-9106-47AFDE49191B}.Debug|Any CPU.Build.0 = Debug|Any CPU
		{2B17699D-E91E-4597-9106-47AFDE49191B}.Debug|x64.ActiveCfg = Debug|Any CPU
		{2B17699D-E91E-4597-9106-47AFDE49191B}.Debug|x64.Build.0 = Debug|Any CPU
		{2B17699D-E91E-4597-9106-47AFDE49191B}.Debug|x86.ActiveCfg = Debug|Any CPU
		{2B17699D-E91E-4597-9106-47AFDE49191B}.Debug|x86.Build.0 = Debug|Any CPU
		{2B17699D-E91E-4597-9106-47AFDE49191B}.Release|Any CPU.ActiveCfg = Release|Any CPU
		{2B17699D-E91E-4597-9106-47AFDE49191B}.Release|Any CPU.Build.0 = Release|Any CPU
		{2B17699D-E91E-4597-9106-47AFDE49191B}.Release|x64.ActiveCfg = Release|Any CPU
		{2B17699D-E91E-4597-9106-47AFDE49191B}.Release|x64.Build.0 = Release|Any CPU
		{2B17699D-E91E-4597-9106-47AFDE49191B}.Release|x86.ActiveCfg = Release|Any CPU
		{2B17699D-E91E-4597-9106-47AFDE49191B}.Release|x86.Build.0 = Release|Any CPU
	EndGlobalSection
EndGlobal
